# This file is autogenerated, do not edit; changes may be undone by the next 'dep ensure'.


[[projects]]
  branch = "master"
  name = "github.com/ianschenck/envflag"
  packages = ["."]
  revision = "9111d830d133f952887a936367fb0211c3134f0d"

[[projects]]
  name = "gopkg.in/olivere/elastic.v3"
  packages = [".","backoff","uritemplates"]
  revision = "b3b762ecb4a4acb9dafd3e0de5ba597a117c83f8"
  version = "v3.0.71"

[solve-meta]
  analyzer-name = "dep"
  analyzer-version = 1
  inputs-digest = "1bd4a904467b5973a66b2ad3525c951a1cab448b65c3a85bee121cee49f75e9a"
  solver-name = "gps-cdcl"
  solver-version = 1
