# This file is autogenerated, do not edit; changes may be undone by the next 'dep ensure'.


[[projects]]
  branch = "master"
  name = "github.com/ianschenck/envflag"
  packages = ["."]
  revision = "9111d830d133f952887a936367fb0211c3134f0d"

[[projects]]
  branch = "master"
  name = "github.com/mailru/easyjson"
  packages = [".","buffer","jlexer","jwriter"]
  revision = "8b799c424f57fa123fc63a99d6383bc6e4c02578"

[[projects]]
  name = "github.com/olivere/elastic"
  packages = ["config","uritemplates"]
  revision = "80585846d765de967183044c2840d4ed5e93f9e4"
  version = "v6.1.16"

[[projects]]
  name = "github.com/pkg/errors"
  packages = ["."]
  revision = "645ef00459ed84a119197bfb8d8205042c6df63d"
  version = "v0.8.0"

[[projects]]
  name = "gopkg.in/olivere/elastic.v3"
  packages = [".","backoff","uritemplates"]
  revision = "b3b762ecb4a4acb9dafd3e0de5ba597a117c83f8"
  version = "v3.0.71"

[[projects]]
  name = "gopkg.in/olivere/elastic.v5"
  packages = [".","config","uritemplates"]
  revision = "171ce647da4acfb30ffc99981d66d80bdea6bcee"
  version = "v5.0.53"

[[projects]]
  name = "gopkg.in/olivere/elastic.v6"
  packages = ["."]
  revision = "80585846d765de967183044c2840d4ed5e93f9e4"
  version = "v6.1.16"

[solve-meta]
  analyzer-name = "dep"
  analyzer-version = 1
  inputs-digest = "cbd6c6b79a3bd9198ad670a7b83f41bfaa8adff5c29059dbe10410c7ba807587"
  solver-name = "gps-cdcl"
  solver-version = 1
